{
  "name": "@delft-hyperloop/create-serpenta-app",
  "version": "0.1.0",
  "lockfileVersion": 3,
  "requires": true,
  "packages": {
    "": {
      "name": "@delft-hyperloop/create-serpenta-app",
      "version": "0.1.0",
      "license": "MIT",
      "bin": {
        "create-serpenta-app": "index.mjs"
      }
    }
  }
}
